
Microsoft Visual Studio Solution File, Format Version 12.00
# Visual Studio Version 17
VisualStudioVersion = 17.8.34525.116
MinimumVisualStudioVersion = 10.0.40219.1
Project("{FAE04EC0-301F-11D3-BF4B-00C04F79EFBC}") = "MediLinked", "MediLinked\MediLinked.csproj", "{2FDBECC3-FC88-4E53-B504-96C955FBDA29}"
EndProject
Global
	GlobalSection(SolutionConfigurationPlatforms) = preSolution
		Debug|Any CPU = Debug|Any CPU
		Release|Any CPU = Release|Any CPU
	EndGlobalSection
	GlobalSection(ProjectConfigurationPlatforms) = postSolution
		{2FDBECC3-FC88-4E53-B504-96C955FBDA29}.Debug|Any CPU.ActiveCfg = Debug|Any CPU
		{2FDBECC3-FC88-4E53-B504-96C955FBDA29}.Debug|Any CPU.Build.0 = Debug|Any CPU
		{2FDBECC3-FC88-4E53-B504-96C955FBDA29}.Release|Any CPU.ActiveCfg = Release|Any CPU
		{2FDBECC3-FC88-4E53-B504-96C955FBDA29}.Release|Any CPU.Build.0 = Release|Any CPU
	EndGlobalSection
	GlobalSection(SolutionProperties) = preSolution
		HideSolutionNode = FALSE
	EndGlobalSection
	GlobalSection(ExtensibilityGlobals) = postSolution
		SolutionGuid = {06BC1861-09A6-48E9-A963-B24F0FDC0D2D}
	EndGlobalSection
EndGlobal
